{
    "version": 3,
    "terraform_version": "0.11.10",
    "serial": 8,
    "lineage": "e030074e-c7bb-aa03-d41e-094101c4a472",
    "modules": [
        {
            "path": [
                "root"
            ],
            "outputs": {},
            "resources": {
                "aws_default_route_table.tf_private_rt": {
                    "type": "aws_default_route_table",
                    "depends_on": [
                        "aws_vpc.tf_vpc"
                    ],
                    "primary": {
                        "id": "rtb-01cbba28b3de579d0",
                        "attributes": {
                            "default_route_table_id": "rtb-01cbba28b3de579d0",
                            "id": "rtb-01cbba28b3de579d0",
                            "propagating_vgws.#": "0",
                            "route.#": "0",
                            "tags.%": "1",
                            "tags.Name": "tf_private",
                            "vpc_id": "vpc-0b1aff2f98311f478"
                        },
                        "meta": {},
                        "tainted": false
                    },
                    "deposed": [],
                    "provider": "provider.aws"
                },
                "aws_internet_gateway.tf_internet_gateway": {
                    "type": "aws_internet_gateway",
                    "depends_on": [
                        "aws_vpc.tf_vpc"
                    ],
                    "primary": {
                        "id": "igw-0d1e508e32d636198",
                        "attributes": {
                            "id": "igw-0d1e508e32d636198",
                            "tags.%": "1",
                            "tags.Name": "tf_igw",
                            "vpc_id": "vpc-0b1aff2f98311f478"
                        },
                        "meta": {},
                        "tainted": false
                    },
                    "deposed": [],
                    "provider": "provider.aws"
                },
                "aws_route_table.tf_public_rt": {
                    "type": "aws_route_table",
                    "depends_on": [
                        "aws_internet_gateway.tf_internet_gateway",
                        "aws_vpc.tf_vpc"
                    ],
                    "primary": {
                        "id": "rtb-07e570e7ce7aa6d3d",
                        "attributes": {
                            "id": "rtb-07e570e7ce7aa6d3d",
                            "propagating_vgws.#": "0",
                            "route.#": "1",
                            "route.892377425.cidr_block": "0.0.0.0/0",
                            "route.892377425.egress_only_gateway_id": "",
                            "route.892377425.gateway_id": "igw-0d1e508e32d636198",
                            "route.892377425.instance_id": "",
                            "route.892377425.ipv6_cidr_block": "",
                            "route.892377425.nat_gateway_id": "",
                            "route.892377425.network_interface_id": "",
                            "route.892377425.vpc_peering_connection_id": "",
                            "tags.%": "1",
                            "tags.Name": "tf_public",
                            "vpc_id": "vpc-0b1aff2f98311f478"
                        },
                        "meta": {},
                        "tainted": false
                    },
                    "deposed": [],
                    "provider": "provider.aws"
                },
                "aws_route_table_association.tf_public_assoc.0": {
                    "type": "aws_route_table_association",
                    "depends_on": [
                        "aws_route_table.tf_public_rt",
                        "aws_subnet.tf_public_subnet",
                        "aws_subnet.tf_public_subnet.*"
                    ],
                    "primary": {
                        "id": "rtbassoc-083083473084440f7",
                        "attributes": {
                            "id": "rtbassoc-083083473084440f7",
                            "route_table_id": "rtb-07e570e7ce7aa6d3d",
                            "subnet_id": "subnet-027782349f2e4de73"
                        },
                        "meta": {},
                        "tainted": false
                    },
                    "deposed": [],
                    "provider": "provider.aws"
                },
                "aws_route_table_association.tf_public_assoc.1": {
                    "type": "aws_route_table_association",
                    "depends_on": [
                        "aws_route_table.tf_public_rt",
                        "aws_subnet.tf_public_subnet",
                        "aws_subnet.tf_public_subnet.*"
                    ],
                    "primary": {
                        "id": "rtbassoc-04655b700f080f231",
                        "attributes": {
                            "id": "rtbassoc-04655b700f080f231",
                            "route_table_id": "rtb-07e570e7ce7aa6d3d",
                            "subnet_id": "subnet-0237f0b96fa430117"
                        },
                        "meta": {},
                        "tainted": false
                    },
                    "deposed": [],
                    "provider": "provider.aws"
                },
                "aws_security_group.tf_public_sg": {
                    "type": "aws_security_group",
                    "depends_on": [
                        "aws_vpc.tf_vpc"
                    ],
                    "primary": {
                        "id": "sg-0340e31eda3386c26",
                        "attributes": {
                            "arn": "arn:aws:ec2:us-west-2:052731326141:security-group/sg-0340e31eda3386c26",
                            "description": "Used for access to public instances",
                            "egress.#": "1",
                            "egress.482069346.cidr_blocks.#": "1",
                            "egress.482069346.cidr_blocks.0": "0.0.0.0/0",
                            "egress.482069346.description": "",
                            "egress.482069346.from_port": "0",
                            "egress.482069346.ipv6_cidr_blocks.#": "0",
                            "egress.482069346.prefix_list_ids.#": "0",
                            "egress.482069346.protocol": "-1",
                            "egress.482069346.security_groups.#": "0",
                            "egress.482069346.self": "false",
                            "egress.482069346.to_port": "0",
                            "id": "sg-0340e31eda3386c26",
                            "ingress.#": "2",
                            "ingress.2214680975.cidr_blocks.#": "1",
                            "ingress.2214680975.cidr_blocks.0": "0.0.0.0/0",
                            "ingress.2214680975.description": "",
                            "ingress.2214680975.from_port": "80",
                            "ingress.2214680975.ipv6_cidr_blocks.#": "0",
                            "ingress.2214680975.prefix_list_ids.#": "0",
                            "ingress.2214680975.protocol": "tcp",
                            "ingress.2214680975.security_groups.#": "0",
                            "ingress.2214680975.self": "false",
                            "ingress.2214680975.to_port": "80",
                            "ingress.2541437006.cidr_blocks.#": "1",
                            "ingress.2541437006.cidr_blocks.0": "0.0.0.0/0",
                            "ingress.2541437006.description": "",
                            "ingress.2541437006.from_port": "22",
                            "ingress.2541437006.ipv6_cidr_blocks.#": "0",
                            "ingress.2541437006.prefix_list_ids.#": "0",
                            "ingress.2541437006.protocol": "tcp",
                            "ingress.2541437006.security_groups.#": "0",
                            "ingress.2541437006.self": "false",
                            "ingress.2541437006.to_port": "22",
                            "name": "tf_public_sg",
                            "owner_id": "052731326141",
                            "revoke_rules_on_delete": "false",
                            "tags.%": "0",
                            "vpc_id": "vpc-0b1aff2f98311f478"
                        },
                        "meta": {
                            "e2bfb730-ecaa-11e6-8f88-34363bc7c4c0": {
                                "create": 600000000000,
                                "delete": 600000000000
                            },
                            "schema_version": "1"
                        },
                        "tainted": false
                    },
                    "deposed": [],
                    "provider": "provider.aws"
                },
                "aws_subnet.tf_public_subnet.0": {
                    "type": "aws_subnet",
                    "depends_on": [
                        "aws_vpc.tf_vpc",
                        "data.aws_availability_zones.available"
                    ],
                    "primary": {
                        "id": "subnet-027782349f2e4de73",
                        "attributes": {
                            "arn": "arn:aws:ec2:us-west-2:052731326141:subnet/subnet-027782349f2e4de73",
                            "assign_ipv6_address_on_creation": "false",
                            "availability_zone": "us-west-2a",
                            "cidr_block": "10.123.1.0/24",
                            "id": "subnet-027782349f2e4de73",
                            "map_public_ip_on_launch": "true",
                            "tags.%": "1",
                            "tags.Name": "tf_public_1",
                            "vpc_id": "vpc-0b1aff2f98311f478"
                        },
                        "meta": {
                            "e2bfb730-ecaa-11e6-8f88-34363bc7c4c0": {
                                "create": 600000000000,
                                "delete": 600000000000
                            },
                            "schema_version": "1"
                        },
                        "tainted": false
                    },
                    "deposed": [],
                    "provider": "provider.aws"
                },
                "aws_subnet.tf_public_subnet.1": {
                    "type": "aws_subnet",
                    "depends_on": [
                        "aws_vpc.tf_vpc",
                        "data.aws_availability_zones.available"
                    ],
                    "primary": {
                        "id": "subnet-0237f0b96fa430117",
                        "attributes": {
                            "arn": "arn:aws:ec2:us-west-2:052731326141:subnet/subnet-0237f0b96fa430117",
                            "assign_ipv6_address_on_creation": "false",
                            "availability_zone": "us-west-2b",
                            "cidr_block": "10.123.2.0/24",
                            "id": "subnet-0237f0b96fa430117",
                            "map_public_ip_on_launch": "true",
                            "tags.%": "1",
                            "tags.Name": "tf_public_2",
                            "vpc_id": "vpc-0b1aff2f98311f478"
                        },
                        "meta": {
                            "e2bfb730-ecaa-11e6-8f88-34363bc7c4c0": {
                                "create": 600000000000,
                                "delete": 600000000000
                            },
                            "schema_version": "1"
                        },
                        "tainted": false
                    },
                    "deposed": [],
                    "provider": "provider.aws"
                },
                "aws_vpc.tf_vpc": {
                    "type": "aws_vpc",
                    "depends_on": [],
                    "primary": {
                        "id": "vpc-0b1aff2f98311f478",
                        "attributes": {
                            "arn": "arn:aws:ec2:us-west-2:052731326141:vpc/vpc-0b1aff2f98311f478",
                            "assign_generated_ipv6_cidr_block": "false",
                            "cidr_block": "10.123.0.0/16",
                            "default_network_acl_id": "acl-0fbbdf5e08e0db032",
                            "default_route_table_id": "rtb-01cbba28b3de579d0",
                            "default_security_group_id": "sg-0587787ccdbfa4298",
                            "dhcp_options_id": "dopt-a7b976df",
                            "enable_classiclink": "false",
                            "enable_classiclink_dns_support": "false",
                            "enable_dns_hostnames": "true",
                            "enable_dns_support": "true",
                            "id": "vpc-0b1aff2f98311f478",
                            "instance_tenancy": "default",
                            "ipv6_association_id": "",
                            "ipv6_cidr_block": "",
                            "main_route_table_id": "rtb-01cbba28b3de579d0",
                            "tags.%": "1",
                            "tags.Name": "tf_vpc"
                        },
                        "meta": {
                            "schema_version": "1"
                        },
                        "tainted": false
                    },
                    "deposed": [],
                    "provider": "provider.aws"
                },
                "data.aws_availability_zones.available": {
                    "type": "aws_availability_zones",
                    "depends_on": [],
                    "primary": {
                        "id": "2018-11-23 12:35:18.598485881 +0000 UTC",
                        "attributes": {
                            "id": "2018-11-23 12:35:18.598485881 +0000 UTC",
                            "names.#": "3",
                            "names.0": "us-west-2a",
                            "names.1": "us-west-2b",
                            "names.2": "us-west-2c"
                        },
                        "meta": {},
                        "tainted": false
                    },
                    "deposed": [],
                    "provider": "provider.aws"
                }
            },
            "depends_on": []
        }
    ]
}
